
Microsoft Visual Studio Solution File, Format Version 12.00
# Visual Studio Version 17
VisualStudioVersion = 17.14.36518.9 d17.14
MinimumVisualStudioVersion = 10.0.40219.1
Project("{FAE04EC0-301F-11D3-BF4B-00C04F79EFBC}") = "WinFormsApp1", "WinFormsApp1\WinFormsApp1.csproj", "{7A7C72AD-17B3-4426-AA9E-CCD9F85FE268}"
EndProject
Global
	GlobalSection(SolutionConfigurationPlatforms) = preSolution
		Debug|Any CPU = Debug|Any CPU
		Release|Any CPU = Release|Any CPU
	EndGlobalSection
	GlobalSection(ProjectConfigurationPlatforms) = postSolution
		{7A7C72AD-17B3-4426-AA9E-CCD9F85FE268}.Debug|Any CPU.ActiveCfg = Debug|Any CPU
		{7A7C72AD-17B3-4426-AA9E-CCD9F85FE268}.Debug|Any CPU.Build.0 = Debug|Any CPU
		{7A7C72AD-17B3-4426-AA9E-CCD9F85FE268}.Release|Any CPU.ActiveCfg = Release|Any CPU
		{7A7C72AD-17B3-4426-AA9E-CCD9F85FE268}.Release|Any CPU.Build.0 = Release|Any CPU
	EndGlobalSection
	GlobalSection(SolutionProperties) = preSolution
		HideSolutionNode = FALSE
	EndGlobalSection
	GlobalSection(ExtensibilityGlobals) = postSolution
		SolutionGuid = {FBE7FDCD-4465-4563-9063-280FC7A38E4E}
	EndGlobalSection
EndGlobal
